
Microsoft Visual Studio Solution File, Format Version 12.00
# Visual Studio Version 16
VisualStudioVersion = 16.0.30406.217
MinimumVisualStudioVersion = 10.0.40219.1
Project("{9A19103F-16F7-4668-BE54-9A1E7A4F7556}") = "P3 LAB10", "P3 LAB10\P3 LAB10.csproj", "{851ED52C-FF68-4A5A-8896-DA1C1925D6DA}"
EndProject
Global
	GlobalSection(SolutionConfigurationPlatforms) = preSolution
		Debug|Any CPU = Debug|Any CPU
		Release|Any CPU = Release|Any CPU
	EndGlobalSection
	GlobalSection(ProjectConfigurationPlatforms) = postSolution
		{851ED52C-FF68-4A5A-8896-DA1C1925D6DA}.Debug|Any CPU.ActiveCfg = Debug|Any CPU
		{851ED52C-FF68-4A5A-8896-DA1C1925D6DA}.Debug|Any CPU.Build.0 = Debug|Any CPU
		{851ED52C-FF68-4A5A-8896-DA1C1925D6DA}.Release|Any CPU.ActiveCfg = Release|Any CPU
		{851ED52C-FF68-4A5A-8896-DA1C1925D6DA}.Release|Any CPU.Build.0 = Release|Any CPU
	EndGlobalSection
	GlobalSection(SolutionProperties) = preSolution
		HideSolutionNode = FALSE
	EndGlobalSection
	GlobalSection(ExtensibilityGlobals) = postSolution
		SolutionGuid = {DC6DF527-1B75-44FD-A491-B9A11D7B72E3}
	EndGlobalSection
EndGlobal
